
Microsoft Visual Studio Solution File, Format Version 12.00
# Visual Studio Version 17
VisualStudioVersion = 17.0.31903.59
MinimumVisualStudioVersion = 10.0.40219.1
Project("{FAE04EC0-301F-11D3-BF4B-00C04F79EFBC}") = "DialogueEngine.Core", "src\DialogueEngine.Core\DialogueEngine.Core.csproj", "{11111111-1111-1111-1111-111111111111}"
EndProject
Project("{FAE04EC0-301F-11D3-BF4B-00C04F79EFBC}") = "DialogueEngine.Serialization", "src\DialogueEngine.Serialization\DialogueEngine.Serialization.csproj", "{22222222-2222-2222-2222-222222222222}"
EndProject
Project("{FAE04EC0-301F-11D3-BF4B-00C04F79EFBC}") = "DialogueEngine.Editor", "src\DialogueEngine.Editor\DialogueEngine.Editor.csproj", "{44444444-4444-4444-4444-444444444444}"
EndProject
Project("{FAE04EC0-301F-11D3-BF4B-00C04F79EFBC}") = "Sample1", "src\Sample1\Sample1.csproj", "{55555555-5555-5555-5555-555555555555}"
EndProject
Project("{FAE04EC0-301F-11D3-BF4B-00C04F79EFBC}") = "Sample2", "src\Sample2\Sample2.csproj", "{66666666-6666-6666-6666-666666666666}"
EndProject
Project("{FAE04EC0-301F-11D3-BF4B-00C04F79EFBC}") = "DialogueEngine.Core.Tests", "tests\DialogueEngine.Core.Tests\DialogueEngine.Core.Tests.csproj", "{33333333-3333-3333-3333-333333333333}"
EndProject
Project("{2150E333-8FDC-42A3-9474-1A3956D46DE8}") = "src", "src", "{827E0CD3-B72D-47B6-A68D-7590B98EB39B}"
EndProject
Project("{FAE04EC0-301F-11D3-BF4B-00C04F79EFBC}") = "DungeonCrawler.Core", "src\DungeonCrawler.Core\DungeonCrawler.Core.csproj", "{9D424883-8956-4627-A11E-93DF4ED32B3C}"
EndProject
Project("{FAE04EC0-301F-11D3-BF4B-00C04F79EFBC}") = "DungeonCrawler.Raylib", "src\DungeonCrawler.Raylib\DungeonCrawler.Raylib.csproj", "{DC92C2B7-69A4-4DBC-B374-6E60C73F3CE4}"
EndProject
Project("{FAE04EC0-301F-11D3-BF4B-00C04F79EFBC}") = "DungeonCrawler.MapLoader", "src\DungeonCrawler.MapLoader\DungeonCrawler.MapLoader.csproj", "{609C0D64-CB8F-4D29-A7E3-478EE263EE5E}"
EndProject
Project("{FAE04EC0-301F-11D3-BF4B-00C04F79EFBC}") = "MapEditor.Core", "src\MapEditor.Core\MapEditor.Core.csproj", "{8952BE94-3A58-45A2-9AF1-6D2BB7099C32}"
EndProject
Project("{FAE04EC0-301F-11D3-BF4B-00C04F79EFBC}") = "MapEditor.Avalonia", "src\MapEditor.Avalonia\MapEditor.Avalonia.csproj", "{481793C0-F014-4902-984D-15D71276B9C3}"
EndProject
Project("{2150E333-8FDC-42A3-9474-1A3956D46DE8}") = "tests", "tests", "{0AB3BF05-4346-4AA6-1389-037BE0695223}"
EndProject
Project("{FAE04EC0-301F-11D3-BF4B-00C04F79EFBC}") = "DungeonCrawler.MapLoader.Tests", "tests\DungeonCrawler.MapLoader.Tests\DungeonCrawler.MapLoader.Tests.csproj", "{DA7B351B-FC8A-4588-9195-99881A15F79F}"
EndProject
Project("{FAE04EC0-301F-11D3-BF4B-00C04F79EFBC}") = "Nostro", "src\Nostro\Nostro.csproj", "{B12314AC-CDD2-48AC-A382-CF1935381681}"
EndProject
Project("{FAE04EC0-301F-11D3-BF4B-00C04F79EFBC}") = "DungeonCrawler.Characters", "src\DungeonCrawler.Characters\DungeonCrawler.Characters.csproj", "{0391981F-E5E5-484B-B341-742D7D6D36DD}"
EndProject
Project("{FAE04EC0-301F-11D3-BF4B-00C04F79EFBC}") = "DungeonCrawler.Characters.Tests", "tests\DungeonCrawler.Characters.Tests\DungeonCrawler.Characters.Tests.csproj", "{43940966-150D-4B8C-8C0C-F498A04B85E4}"
EndProject
Project("{FAE04EC0-301F-11D3-BF4B-00C04F79EFBC}") = "DungeonCrawler.Persistence", "src\DungeonCrawler.Persistence\DungeonCrawler.Persistence.csproj", "{718222C7-E627-485E-A17A-89E5701A8A2A}"
EndProject
Project("{FAE04EC0-301F-11D3-BF4B-00C04F79EFBC}") = "DungeonCrawler.EventSystems", "src\DungeonCrawler.EventSystems\DungeonCrawler.EventSystems.csproj", "{81D8B8A6-6B05-4F8C-BA18-59158014A3D1}"
EndProject
Project("{FAE04EC0-301F-11D3-BF4B-00C04F79EFBC}") = "DungeonCrawler.Core.Tests", "tests\DungeonCrawler.Core.Tests\DungeonCrawler.Core.Tests.csproj", "{0EF17A82-EB18-4281-9648-98A245ECFACE}"
EndProject
Project("{FAE04EC0-301F-11D3-BF4B-00C04F79EFBC}") = "DungeonCrawler.Persistence.Tests", "tests\DungeonCrawler.Persistence.Tests\DungeonCrawler.Persistence.Tests.csproj", "{A885896C-E320-4EAE-9251-34CAD9B5C72C}"
EndProject
Global
	GlobalSection(SolutionConfigurationPlatforms) = preSolution
		Debug|Any CPU = Debug|Any CPU
		Debug|x64 = Debug|x64
		Debug|x86 = Debug|x86
		Release|Any CPU = Release|Any CPU
		Release|x64 = Release|x64
		Release|x86 = Release|x86
	EndGlobalSection
	GlobalSection(ProjectConfigurationPlatforms) = postSolution
		{11111111-1111-1111-1111-111111111111}.Debug|Any CPU.ActiveCfg = Debug|Any CPU
		{11111111-1111-1111-1111-111111111111}.Debug|Any CPU.Build.0 = Debug|Any CPU
		{11111111-1111-1111-1111-111111111111}.Debug|x64.ActiveCfg = Debug|Any CPU
		{11111111-1111-1111-1111-111111111111}.Debug|x64.Build.0 = Debug|Any CPU
		{11111111-1111-1111-1111-111111111111}.Debug|x86.ActiveCfg = Debug|Any CPU
		{11111111-1111-1111-1111-111111111111}.Debug|x86.Build.0 = Debug|Any CPU
		{11111111-1111-1111-1111-111111111111}.Release|Any CPU.ActiveCfg = Release|Any CPU
		{11111111-1111-1111-1111-111111111111}.Release|Any CPU.Build.0 = Release|Any CPU
		{11111111-1111-1111-1111-111111111111}.Release|x64.ActiveCfg = Release|Any CPU
		{11111111-1111-1111-1111-111111111111}.Release|x64.Build.0 = Release|Any CPU
		{11111111-1111-1111-1111-111111111111}.Release|x86.ActiveCfg = Release|Any CPU
		{11111111-1111-1111-1111-111111111111}.Release|x86.Build.0 = Release|Any CPU
		{22222222-2222-2222-2222-222222222222}.Debug|Any CPU.ActiveCfg = Debug|Any CPU
		{22222222-2222-2222-2222-222222222222}.Debug|Any CPU.Build.0 = Debug|Any CPU
		{22222222-2222-2222-2222-222222222222}.Debug|x64.ActiveCfg = Debug|Any CPU
		{22222222-2222-2222-2222-222222222222}.Debug|x64.Build.0 = Debug|Any CPU
		{22222222-2222-2222-2222-222222222222}.Debug|x86.ActiveCfg = Debug|Any CPU
		{22222222-2222-2222-2222-222222222222}.Debug|x86.Build.0 = Debug|Any CPU
		{22222222-2222-2222-2222-222222222222}.Release|Any CPU.ActiveCfg = Release|Any CPU
		{22222222-2222-2222-2222-222222222222}.Release|Any CPU.Build.0 = Release|Any CPU
		{22222222-2222-2222-2222-222222222222}.Release|x64.ActiveCfg = Release|Any CPU
		{22222222-2222-2222-2222-222222222222}.Release|x64.Build.0 = Release|Any CPU
		{22222222-2222-2222-2222-222222222222}.Release|x86.ActiveCfg = Release|Any CPU
		{22222222-2222-2222-2222-222222222222}.Release|x86.Build.0 = Release|Any CPU
		{44444444-4444-4444-4444-444444444444}.Debug|Any CPU.ActiveCfg = Debug|Any CPU
		{44444444-4444-4444-4444-444444444444}.Debug|Any CPU.Build.0 = Debug|Any CPU
		{44444444-4444-4444-4444-444444444444}.Debug|x64.ActiveCfg = Debug|Any CPU
		{44444444-4444-4444-4444-444444444444}.Debug|x64.Build.0 = Debug|Any CPU
		{44444444-4444-4444-4444-444444444444}.Debug|x86.ActiveCfg = Debug|Any CPU
		{44444444-4444-4444-4444-444444444444}.Debug|x86.Build.0 = Debug|Any CPU
		{44444444-4444-4444-4444-444444444444}.Release|Any CPU.ActiveCfg = Release|Any CPU
		{44444444-4444-4444-4444-444444444444}.Release|Any CPU.Build.0 = Release|Any CPU
		{44444444-4444-4444-4444-444444444444}.Release|x64.ActiveCfg = Release|Any CPU
		{44444444-4444-4444-4444-444444444444}.Release|x64.Build.0 = Release|Any CPU
		{44444444-4444-4444-4444-444444444444}.Release|x86.ActiveCfg = Release|Any CPU
		{44444444-4444-4444-4444-444444444444}.Release|x86.Build.0 = Release|Any CPU
		{55555555-5555-5555-5555-555555555555}.Debug|Any CPU.ActiveCfg = Debug|Any CPU
		{55555555-5555-5555-5555-555555555555}.Debug|Any CPU.Build.0 = Debug|Any CPU
		{55555555-5555-5555-5555-555555555555}.Debug|x64.ActiveCfg = Debug|Any CPU
		{55555555-5555-5555-5555-555555555555}.Debug|x64.Build.0 = Debug|Any CPU
		{55555555-5555-5555-5555-555555555555}.Debug|x86.ActiveCfg = Debug|Any CPU
		{55555555-5555-5555-5555-555555555555}.Debug|x86.Build.0 = Debug|Any CPU
		{55555555-5555-5555-5555-555555555555}.Release|Any CPU.ActiveCfg = Release|Any CPU
		{55555555-5555-5555-5555-555555555555}.Release|Any CPU.Build.0 = Release|Any CPU
		{55555555-5555-5555-5555-555555555555}.Release|x64.ActiveCfg = Release|Any CPU
		{55555555-5555-5555-5555-555555555555}.Release|x64.Build.0 = Release|Any CPU
		{55555555-5555-5555-5555-555555555555}.Release|x86.ActiveCfg = Release|Any CPU
		{55555555-5555-5555-5555-555555555555}.Release|x86.Build.0 = Release|Any CPU
		{66666666-6666-6666-6666-666666666666}.Debug|Any CPU.ActiveCfg = Debug|Any CPU
		{66666666-6666-6666-6666-666666666666}.Debug|Any CPU.Build.0 = Debug|Any CPU
		{66666666-6666-6666-6666-666666666666}.Debug|x64.ActiveCfg = Debug|Any CPU
		{66666666-6666-6666-6666-666666666666}.Debug|x64.Build.0 = Debug|Any CPU
		{66666666-6666-6666-6666-666666666666}.Debug|x86.ActiveCfg = Debug|Any CPU
		{66666666-6666-6666-6666-666666666666}.Debug|x86.Build.0 = Debug|Any CPU
		{66666666-6666-6666-6666-666666666666}.Release|Any CPU.ActiveCfg = Release|Any CPU
		{66666666-6666-6666-6666-666666666666}.Release|Any CPU.Build.0 = Release|Any CPU
		{66666666-6666-6666-6666-666666666666}.Release|x64.ActiveCfg = Release|Any CPU
		{66666666-6666-6666-6666-666666666666}.Release|x64.Build.0 = Release|Any CPU
		{66666666-6666-6666-6666-666666666666}.Release|x86.ActiveCfg = Release|Any CPU
		{66666666-6666-6666-6666-666666666666}.Release|x86.Build.0 = Release|Any CPU
		{33333333-3333-3333-3333-333333333333}.Debug|Any CPU.ActiveCfg = Debug|Any CPU
		{33333333-3333-3333-3333-333333333333}.Debug|Any CPU.Build.0 = Debug|Any CPU
		{33333333-3333-3333-3333-333333333333}.Debug|x64.ActiveCfg = Debug|Any CPU
		{33333333-3333-3333-3333-333333333333}.Debug|x64.Build.0 = Debug|Any CPU
		{33333333-3333-3333-3333-333333333333}.Debug|x86.ActiveCfg = Debug|Any CPU
		{33333333-3333-3333-3333-333333333333}.Debug|x86.Build.0 = Debug|Any CPU
		{33333333-3333-3333-3333-333333333333}.Release|Any CPU.ActiveCfg = Release|Any CPU
		{33333333-3333-3333-3333-333333333333}.Release|Any CPU.Build.0 = Release|Any CPU
		{33333333-3333-3333-3333-333333333333}.Release|x64.ActiveCfg = Release|Any CPU
		{33333333-3333-3333-3333-333333333333}.Release|x64.Build.0 = Release|Any CPU
		{33333333-3333-3333-3333-333333333333}.Release|x86.ActiveCfg = Release|Any CPU
		{33333333-3333-3333-3333-333333333333}.Release|x86.Build.0 = Release|Any CPU
		{9D424883-8956-4627-A11E-93DF4ED32B3C}.Debug|Any CPU.ActiveCfg = Debug|Any CPU
		{9D424883-8956-4627-A11E-93DF4ED32B3C}.Debug|Any CPU.Build.0 = Debug|Any CPU
		{9D424883-8956-4627-A11E-93DF4ED32B3C}.Debug|x64.ActiveCfg = Debug|Any CPU
		{9D424883-8956-4627-A11E-93DF4ED32B3C}.Debug|x64.Build.0 = Debug|Any CPU
		{9D424883-8956-4627-A11E-93DF4ED32B3C}.Debug|x86.ActiveCfg = Debug|Any CPU
		{9D424883-8956-4627-A11E-93DF4ED32B3C}.Debug|x86.Build.0 = Debug|Any CPU
		{9D424883-8956-4627-A11E-93DF4ED32B3C}.Release|Any CPU.ActiveCfg = Release|Any CPU
		{9D424883-8956-4627-A11E-93DF4ED32B3C}.Release|Any CPU.Build.0 = Release|Any CPU
		{9D424883-8956-4627-A11E-93DF4ED32B3C}.Release|x64.ActiveCfg = Release|Any CPU
		{9D424883-8956-4627-A11E-93DF4ED32B3C}.Release|x64.Build.0 = Release|Any CPU
		{9D424883-8956-4627-A11E-93DF4ED32B3C}.Release|x86.ActiveCfg = Release|Any CPU
		{9D424883-8956-4627-A11E-93DF4ED32B3C}.Release|x86.Build.0 = Release|Any CPU
		{DC92C2B7-69A4-4DBC-B374-6E60C73F3CE4}.Debug|Any CPU.ActiveCfg = Debug|Any CPU
		{DC92C2B7-69A4-4DBC-B374-6E60C73F3CE4}.Debug|Any CPU.Build.0 = Debug|Any CPU
		{DC92C2B7-69A4-4DBC-B374-6E60C73F3CE4}.Debug|x64.ActiveCfg = Debug|Any CPU
		{DC92C2B7-69A4-4DBC-B374-6E60C73F3CE4}.Debug|x64.Build.0 = Debug|Any CPU
		{DC92C2B7-69A4-4DBC-B374-6E60C73F3CE4}.Debug|x86.ActiveCfg = Debug|Any CPU
		{DC92C2B7-69A4-4DBC-B374-6E60C73F3CE4}.Debug|x86.Build.0 = Debug|Any CPU
		{DC92C2B7-69A4-4DBC-B374-6E60C73F3CE4}.Release|Any CPU.ActiveCfg = Release|Any CPU
		{DC92C2B7-69A4-4DBC-B374-6E60C73F3CE4}.Release|Any CPU.Build.0 = Release|Any CPU
		{DC92C2B7-69A4-4DBC-B374-6E60C73F3CE4}.Release|x64.ActiveCfg = Release|Any CPU
		{DC92C2B7-69A4-4DBC-B374-6E60C73F3CE4}.Release|x64.Build.0 = Release|Any CPU
		{DC92C2B7-69A4-4DBC-B374-6E60C73F3CE4}.Release|x86.ActiveCfg = Release|Any CPU
		{DC92C2B7-69A4-4DBC-B374-6E60C73F3CE4}.Release|x86.Build.0 = Release|Any CPU
		{609C0D64-CB8F-4D29-A7E3-478EE263EE5E}.Debug|Any CPU.ActiveCfg = Debug|Any CPU
		{609C0D64-CB8F-4D29-A7E3-478EE263EE5E}.Debug|Any CPU.Build.0 = Debug|Any CPU
		{609C0D64-CB8F-4D29-A7E3-478EE263EE5E}.Debug|x64.ActiveCfg = Debug|Any CPU
		{609C0D64-CB8F-4D29-A7E3-478EE263EE5E}.Debug|x64.Build.0 = Debug|Any CPU
		{609C0D64-CB8F-4D29-A7E3-478EE263EE5E}.Debug|x86.ActiveCfg = Debug|Any CPU
		{609C0D64-CB8F-4D29-A7E3-478EE263EE5E}.Debug|x86.Build.0 = Debug|Any CPU
		{609C0D64-CB8F-4D29-A7E3-478EE263EE5E}.Release|Any CPU.ActiveCfg = Release|Any CPU
		{609C0D64-CB8F-4D29-A7E3-478EE263EE5E}.Release|Any CPU.Build.0 = Release|Any CPU
		{609C0D64-CB8F-4D29-A7E3-478EE263EE5E}.Release|x64.ActiveCfg = Release|Any CPU
		{609C0D64-CB8F-4D29-A7E3-478EE263EE5E}.Release|x64.Build.0 = Release|Any CPU
		{609C0D64-CB8F-4D29-A7E3-478EE263EE5E}.Release|x86.ActiveCfg = Release|Any CPU
		{609C0D64-CB8F-4D29-A7E3-478EE263EE5E}.Release|x86.Build.0 = Release|Any CPU
		{8952BE94-3A58-45A2-9AF1-6D2BB7099C32}.Debug|Any CPU.ActiveCfg = Debug|Any CPU
		{8952BE94-3A58-45A2-9AF1-6D2BB7099C32}.Debug|Any CPU.Build.0 = Debug|Any CPU
		{8952BE94-3A58-45A2-9AF1-6D2BB7099C32}.Debug|x64.ActiveCfg = Debug|Any CPU
		{8952BE94-3A58-45A2-9AF1-6D2BB7099C32}.Debug|x64.Build.0 = Debug|Any CPU
		{8952BE94-3A58-45A2-9AF1-6D2BB7099C32}.Debug|x86.ActiveCfg = Debug|Any CPU
		{8952BE94-3A58-45A2-9AF1-6D2BB7099C32}.Debug|x86.Build.0 = Debug|Any CPU
		{8952BE94-3A58-45A2-9AF1-6D2BB7099C32}.Release|Any CPU.ActiveCfg = Release|Any CPU
		{8952BE94-3A58-45A2-9AF1-6D2BB7099C32}.Release|Any CPU.Build.0 = Release|Any CPU
		{8952BE94-3A58-45A2-9AF1-6D2BB7099C32}.Release|x64.ActiveCfg = Release|Any CPU
		{8952BE94-3A58-45A2-9AF1-6D2BB7099C32}.Release|x64.Build.0 = Release|Any CPU
		{8952BE94-3A58-45A2-9AF1-6D2BB7099C32}.Release|x86.ActiveCfg = Release|Any CPU
		{8952BE94-3A58-45A2-9AF1-6D2BB7099C32}.Release|x86.Build.0 = Release|Any CPU
		{481793C0-F014-4902-984D-15D71276B9C3}.Debug|Any CPU.ActiveCfg = Debug|Any CPU
		{481793C0-F014-4902-984D-15D71276B9C3}.Debug|Any CPU.Build.0 = Debug|Any CPU
		{481793C0-F014-4902-984D-15D71276B9C3}.Debug|x64.ActiveCfg = Debug|Any CPU
		{481793C0-F014-4902-984D-15D71276B9C3}.Debug|x64.Build.0 = Debug|Any CPU
		{481793C0-F014-4902-984D-15D71276B9C3}.Debug|x86.ActiveCfg = Debug|Any CPU
		{481793C0-F014-4902-984D-15D71276B9C3}.Debug|x86.Build.0 = Debug|Any CPU
		{481793C0-F014-4902-984D-15D71276B9C3}.Release|Any CPU.ActiveCfg = Release|Any CPU
		{481793C0-F014-4902-984D-15D71276B9C3}.Release|Any CPU.Build.0 = Release|Any CPU
		{481793C0-F014-4902-984D-15D71276B9C3}.Release|x64.ActiveCfg = Release|Any CPU
		{481793C0-F014-4902-984D-15D71276B9C3}.Release|x64.Build.0 = Release|Any CPU
		{481793C0-F014-4902-984D-15D71276B9C3}.Release|x86.ActiveCfg = Release|Any CPU
		{481793C0-F014-4902-984D-15D71276B9C3}.Release|x86.Build.0 = Release|Any CPU
		{DA7B351B-FC8A-4588-9195-99881A15F79F}.Debug|Any CPU.ActiveCfg = Debug|Any CPU
		{DA7B351B-FC8A-4588-9195-99881A15F79F}.Debug|Any CPU.Build.0 = Debug|Any CPU
		{DA7B351B-FC8A-4588-9195-99881A15F79F}.Debug|x64.ActiveCfg = Debug|Any CPU
		{DA7B351B-FC8A-4588-9195-99881A15F79F}.Debug|x64.Build.0 = Debug|Any CPU
		{DA7B351B-FC8A-4588-9195-99881A15F79F}.Debug|x86.ActiveCfg = Debug|Any CPU
		{DA7B351B-FC8A-4588-9195-99881A15F79F}.Debug|x86.Build.0 = Debug|Any CPU
		{DA7B351B-FC8A-4588-9195-99881A15F79F}.Release|Any CPU.ActiveCfg = Release|Any CPU
		{DA7B351B-FC8A-4588-9195-99881A15F79F}.Release|Any CPU.Build.0 = Release|Any CPU
		{DA7B351B-FC8A-4588-9195-99881A15F79F}.Release|x64.ActiveCfg = Release|Any CPU
		{DA7B351B-FC8A-4588-9195-99881A15F79F}.Release|x64.Build.0 = Release|Any CPU
		{DA7B351B-FC8A-4588-9195-99881A15F79F}.Release|x86.ActiveCfg = Release|Any CPU
		{DA7B351B-FC8A-4588-9195-99881A15F79F}.Release|x86.Build.0 = Release|Any CPU
		{B12314AC-CDD2-48AC-A382-CF1935381681}.Debug|Any CPU.ActiveCfg = Debug|Any CPU
		{B12314AC-CDD2-48AC-A382-CF1935381681}.Debug|Any CPU.Build.0 = Debug|Any CPU
		{B12314AC-CDD2-48AC-A382-CF1935381681}.Debug|x64.ActiveCfg = Debug|Any CPU
		{B12314AC-CDD2-48AC-A382-CF1935381681}.Debug|x64.Build.0 = Debug|Any CPU
		{B12314AC-CDD2-48AC-A382-CF1935381681}.Debug|x86.ActiveCfg = Debug|Any CPU
		{B12314AC-CDD2-48AC-A382-CF1935381681}.Debug|x86.Build.0 = Debug|Any CPU
		{B12314AC-CDD2-48AC-A382-CF1935381681}.Release|Any CPU.ActiveCfg = Release|Any CPU
		{B12314AC-CDD2-48AC-A382-CF1935381681}.Release|Any CPU.Build.0 = Release|Any CPU
		{B12314AC-CDD2-48AC-A382-CF1935381681}.Release|x64.ActiveCfg = Release|Any CPU
		{B12314AC-CDD2-48AC-A382-CF1935381681}.Release|x64.Build.0 = Release|Any CPU
		{B12314AC-CDD2-48AC-A382-CF1935381681}.Release|x86.ActiveCfg = Release|Any CPU
		{B12314AC-CDD2-48AC-A382-CF1935381681}.Release|x86.Build.0 = Release|Any CPU
		{0391981F-E5E5-484B-B341-742D7D6D36DD}.Debug|Any CPU.ActiveCfg = Debug|Any CPU
		{0391981F-E5E5-484B-B341-742D7D6D36DD}.Debug|Any CPU.Build.0 = Debug|Any CPU
		{0391981F-E5E5-484B-B341-742D7D6D36DD}.Debug|x64.ActiveCfg = Debug|Any CPU
		{0391981F-E5E5-484B-B341-742D7D6D36DD}.Debug|x64.Build.0 = Debug|Any CPU
		{0391981F-E5E5-484B-B341-742D7D6D36DD}.Debug|x86.ActiveCfg = Debug|Any CPU
		{0391981F-E5E5-484B-B341-742D7D6D36DD}.Debug|x86.Build.0 = Debug|Any CPU
		{0391981F-E5E5-484B-B341-742D7D6D36DD}.Release|Any CPU.ActiveCfg = Release|Any CPU
		{0391981F-E5E5-484B-B341-742D7D6D36DD}.Release|Any CPU.Build.0 = Release|Any CPU
		{0391981F-E5E5-484B-B341-742D7D6D36DD}.Release|x64.ActiveCfg = Release|Any CPU
		{0391981F-E5E5-484B-B341-742D7D6D36DD}.Release|x64.Build.0 = Release|Any CPU
		{0391981F-E5E5-484B-B341-742D7D6D36DD}.Release|x86.ActiveCfg = Release|Any CPU
		{0391981F-E5E5-484B-B341-742D7D6D36DD}.Release|x86.Build.0 = Release|Any CPU
		{43940966-150D-4B8C-8C0C-F498A04B85E4}.Debug|Any CPU.ActiveCfg = Debug|Any CPU
		{43940966-150D-4B8C-8C0C-F498A04B85E4}.Debug|Any CPU.Build.0 = Debug|Any CPU
		{43940966-150D-4B8C-8C0C-F498A04B85E4}.Debug|x64.ActiveCfg = Debug|Any CPU
		{43940966-150D-4B8C-8C0C-F498A04B85E4}.Debug|x64.Build.0 = Debug|Any CPU
		{43940966-150D-4B8C-8C0C-F498A04B85E4}.Debug|x86.ActiveCfg = Debug|Any CPU
		{43940966-150D-4B8C-8C0C-F498A04B85E4}.Debug|x86.Build.0 = Debug|Any CPU
		{43940966-150D-4B8C-8C0C-F498A04B85E4}.Release|Any CPU.ActiveCfg = Release|Any CPU
		{43940966-150D-4B8C-8C0C-F498A04B85E4}.Release|Any CPU.Build.0 = Release|Any CPU
		{43940966-150D-4B8C-8C0C-F498A04B85E4}.Release|x64.ActiveCfg = Release|Any CPU
		{43940966-150D-4B8C-8C0C-F498A04B85E4}.Release|x64.Build.0 = Release|Any CPU
		{43940966-150D-4B8C-8C0C-F498A04B85E4}.Release|x86.ActiveCfg = Release|Any CPU
		{43940966-150D-4B8C-8C0C-F498A04B85E4}.Release|x86.Build.0 = Release|Any CPU
		{718222C7-E627-485E-A17A-89E5701A8A2A}.Debug|Any CPU.ActiveCfg = Debug|Any CPU
		{718222C7-E627-485E-A17A-89E5701A8A2A}.Debug|Any CPU.Build.0 = Debug|Any CPU
		{718222C7-E627-485E-A17A-89E5701A8A2A}.Debug|x64.ActiveCfg = Debug|Any CPU
		{718222C7-E627-485E-A17A-89E5701A8A2A}.Debug|x64.Build.0 = Debug|Any CPU
		{718222C7-E627-485E-A17A-89E5701A8A2A}.Debug|x86.ActiveCfg = Debug|Any CPU
		{718222C7-E627-485E-A17A-89E5701A8A2A}.Debug|x86.Build.0 = Debug|Any CPU
		{718222C7-E627-485E-A17A-89E5701A8A2A}.Release|Any CPU.ActiveCfg = Release|Any CPU
		{718222C7-E627-485E-A17A-89E5701A8A2A}.Release|Any CPU.Build.0 = Release|Any CPU
		{718222C7-E627-485E-A17A-89E5701A8A2A}.Release|x64.ActiveCfg = Release|Any CPU
		{718222C7-E627-485E-A17A-89E5701A8A2A}.Release|x64.Build.0 = Release|Any CPU
		{718222C7-E627-485E-A17A-89E5701A8A2A}.Release|x86.ActiveCfg = Release|Any CPU
		{718222C7-E627-485E-A17A-89E5701A8A2A}.Release|x86.Build.0 = Release|Any CPU
		{81D8B8A6-6B05-4F8C-BA18-59158014A3D1}.Debug|Any CPU.ActiveCfg = Debug|Any CPU
		{81D8B8A6-6B05-4F8C-BA18-59158014A3D1}.Debug|Any CPU.Build.0 = Debug|Any CPU
		{81D8B8A6-6B05-4F8C-BA18-59158014A3D1}.Debug|x64.ActiveCfg = Debug|Any CPU
		{81D8B8A6-6B05-4F8C-BA18-59158014A3D1}.Debug|x64.Build.0 = Debug|Any CPU
		{81D8B8A6-6B05-4F8C-BA18-59158014A3D1}.Debug|x86.ActiveCfg = Debug|Any CPU
		{81D8B8A6-6B05-4F8C-BA18-59158014A3D1}.Debug|x86.Build.0 = Debug|Any CPU
		{81D8B8A6-6B05-4F8C-BA18-59158014A3D1}.Release|Any CPU.ActiveCfg = Release|Any CPU
		{81D8B8A6-6B05-4F8C-BA18-59158014A3D1}.Release|Any CPU.Build.0 = Release|Any CPU
		{81D8B8A6-6B05-4F8C-BA18-59158014A3D1}.Release|x64.ActiveCfg = Release|Any CPU
		{81D8B8A6-6B05-4F8C-BA18-59158014A3D1}.Release|x64.Build.0 = Release|Any CPU
		{81D8B8A6-6B05-4F8C-BA18-59158014A3D1}.Release|x86.ActiveCfg = Release|Any CPU
		{81D8B8A6-6B05-4F8C-BA18-59158014A3D1}.Release|x86.Build.0 = Release|Any CPU
		{0EF17A82-EB18-4281-9648-98A245ECFACE}.Debug|Any CPU.ActiveCfg = Debug|Any CPU
		{0EF17A82-EB18-4281-9648-98A245ECFACE}.Debug|Any CPU.Build.0 = Debug|Any CPU
		{0EF17A82-EB18-4281-9648-98A245ECFACE}.Debug|x64.ActiveCfg = Debug|Any CPU
		{0EF17A82-EB18-4281-9648-98A245ECFACE}.Debug|x64.Build.0 = Debug|Any CPU
		{0EF17A82-EB18-4281-9648-98A245ECFACE}.Debug|x86.ActiveCfg = Debug|Any CPU
		{0EF17A82-EB18-4281-9648-98A245ECFACE}.Debug|x86.Build.0 = Debug|Any CPU
		{0EF17A82-EB18-4281-9648-98A245ECFACE}.Release|Any CPU.ActiveCfg = Release|Any CPU
		{0EF17A82-EB18-4281-9648-98A245ECFACE}.Release|Any CPU.Build.0 = Release|Any CPU
		{0EF17A82-EB18-4281-9648-98A245ECFACE}.Release|x64.ActiveCfg = Release|Any CPU
		{0EF17A82-EB18-4281-9648-98A245ECFACE}.Release|x64.Build.0 = Release|Any CPU
		{0EF17A82-EB18-4281-9648-98A245ECFACE}.Release|x86.ActiveCfg = Release|Any CPU
		{0EF17A82-EB18-4281-9648-98A245ECFACE}.Release|x86.Build.0 = Release|Any CPU
		{A885896C-E320-4EAE-9251-34CAD9B5C72C}.Debug|Any CPU.ActiveCfg = Debug|Any CPU
		{A885896C-E320-4EAE-9251-34CAD9B5C72C}.Debug|Any CPU.Build.0 = Debug|Any CPU
		{A885896C-E320-4EAE-9251-34CAD9B5C72C}.Debug|x64.ActiveCfg = Debug|Any CPU
		{A885896C-E320-4EAE-9251-34CAD9B5C72C}.Debug|x64.Build.0 = Debug|Any CPU
		{A885896C-E320-4EAE-9251-34CAD9B5C72C}.Debug|x86.ActiveCfg = Debug|Any CPU
		{A885896C-E320-4EAE-9251-34CAD9B5C72C}.Debug|x86.Build.0 = Debug|Any CPU
		{A885896C-E320-4EAE-9251-34CAD9B5C72C}.Release|Any CPU.ActiveCfg = Release|Any CPU
		{A885896C-E320-4EAE-9251-34CAD9B5C72C}.Release|Any CPU.Build.0 = Release|Any CPU
		{A885896C-E320-4EAE-9251-34CAD9B5C72C}.Release|x64.ActiveCfg = Release|Any CPU
		{A885896C-E320-4EAE-9251-34CAD9B5C72C}.Release|x64.Build.0 = Release|Any CPU
		{A885896C-E320-4EAE-9251-34CAD9B5C72C}.Release|x86.ActiveCfg = Release|Any CPU
		{A885896C-E320-4EAE-9251-34CAD9B5C72C}.Release|x86.Build.0 = Release|Any CPU
	EndGlobalSection
	GlobalSection(SolutionProperties) = preSolution
		HideSolutionNode = FALSE
	EndGlobalSection
	GlobalSection(NestedProjects) = preSolution
		{DA7B351B-FC8A-4588-9195-99881A15F79F} = {0AB3BF05-4346-4AA6-1389-037BE0695223}
		{B12314AC-CDD2-48AC-A382-CF1935381681} = {827E0CD3-B72D-47B6-A68D-7590B98EB39B}
		{0391981F-E5E5-484B-B341-742D7D6D36DD} = {827E0CD3-B72D-47B6-A68D-7590B98EB39B}
		{43940966-150D-4B8C-8C0C-F498A04B85E4} = {0AB3BF05-4346-4AA6-1389-037BE0695223}
		{718222C7-E627-485E-A17A-89E5701A8A2A} = {827E0CD3-B72D-47B6-A68D-7590B98EB39B}
		{81D8B8A6-6B05-4F8C-BA18-59158014A3D1} = {827E0CD3-B72D-47B6-A68D-7590B98EB39B}
		{0EF17A82-EB18-4281-9648-98A245ECFACE} = {0AB3BF05-4346-4AA6-1389-037BE0695223}
		{A885896C-E320-4EAE-9251-34CAD9B5C72C} = {0AB3BF05-4346-4AA6-1389-037BE0695223}
	EndGlobalSection
EndGlobal
